
Microsoft Visual Studio Solution File, Format Version 12.00
# Visual Studio Version 17
VisualStudioVersion = 17.10.35013.160
MinimumVisualStudioVersion = 10.0.40219.1
Project("{FAE04EC0-301F-11D3-BF4B-00C04F79EFBC}") = "BarnManagement", "BarnManagement\BarnManagement.csproj", "{BAF72060-6D54-4297-A54F-D9CE90DD38DA}"
EndProject
Global
	GlobalSection(SolutionConfigurationPlatforms) = preSolution
		Debug|Any CPU = Debug|Any CPU
		Release|Any CPU = Release|Any CPU
	EndGlobalSection
	GlobalSection(ProjectConfigurationPlatforms) = postSolution
		{BAF72060-6D54-4297-A54F-D9CE90DD38DA}.Debug|Any CPU.ActiveCfg = Debug|Any CPU
		{BAF72060-6D54-4297-A54F-D9CE90DD38DA}.Debug|Any CPU.Build.0 = Debug|Any CPU
		{BAF72060-6D54-4297-A54F-D9CE90DD38DA}.Release|Any CPU.ActiveCfg = Release|Any CPU
		{BAF72060-6D54-4297-A54F-D9CE90DD38DA}.Release|Any CPU.Build.0 = Release|Any CPU
	EndGlobalSection
	GlobalSection(SolutionProperties) = preSolution
		HideSolutionNode = FALSE
	EndGlobalSection
	GlobalSection(ExtensibilityGlobals) = postSolution
		SolutionGuid = {78EB79FF-3202-4933-8F79-6A4A3F73D116}
	EndGlobalSection
EndGlobal
